<Solution>
  <Folder Name="/src/">
    <Project Path="src/KHost.Plugins.YouTube/KHost.Plugins.YouTube.csproj" />
    <Project Path="../KHost/src/KHost.Abstractions/KHost.Abstractions.csproj" />
    <Project Path="../KHost/src/KHost.Common/KHost.Common.csproj" />
  </Folder>

  <Folder Name="/tests/">
    <Project Path="tests/KHost.Plugins.YouTube.Tests/KHost.Plugins.YouTube.Tests.csproj" />
  </Folder>
</Solution>
